
Microsoft Visual Studio Solution File, Format Version 12.00
# Visual Studio Express 2012 for Windows Desktop
Project("{FAE04EC0-301F-11D3-BF4B-00C04F79EFBC}") = "ArrayRef", "ArrayRef\ArrayRef.csproj", "{0DCD90C5-6959-4AB9-ABEE-8ED0658AA8D7}"
EndProject
Project("{FAE04EC0-301F-11D3-BF4B-00C04F79EFBC}") = "StructTest", "StructTest\StructTest.csproj", "{6B64A54E-79C7-435C-A367-4005E21B8B78}"
EndProject
Global
	GlobalSection(SolutionConfigurationPlatforms) = preSolution
		Debug|Any CPU = Debug|Any CPU
		Release|Any CPU = Release|Any CPU
	EndGlobalSection
	GlobalSection(ProjectConfigurationPlatforms) = postSolution
		{0DCD90C5-6959-4AB9-ABEE-8ED0658AA8D7}.Debug|Any CPU.ActiveCfg = Debug|Any CPU
		{0DCD90C5-6959-4AB9-ABEE-8ED0658AA8D7}.Debug|Any CPU.Build.0 = Debug|Any CPU
		{0DCD90C5-6959-4AB9-ABEE-8ED0658AA8D7}.Release|Any CPU.ActiveCfg = Release|Any CPU
		{0DCD90C5-6959-4AB9-ABEE-8ED0658AA8D7}.Release|Any CPU.Build.0 = Release|Any CPU
		{6B64A54E-79C7-435C-A367-4005E21B8B78}.Debug|Any CPU.ActiveCfg = Debug|Any CPU
		{6B64A54E-79C7-435C-A367-4005E21B8B78}.Debug|Any CPU.Build.0 = Debug|Any CPU
		{6B64A54E-79C7-435C-A367-4005E21B8B78}.Release|Any CPU.ActiveCfg = Release|Any CPU
		{6B64A54E-79C7-435C-A367-4005E21B8B78}.Release|Any CPU.Build.0 = Release|Any CPU
	EndGlobalSection
	GlobalSection(SolutionProperties) = preSolution
		HideSolutionNode = FALSE
	EndGlobalSection
EndGlobal
