
Microsoft Visual Studio Solution File, Format Version 12.00
# Visual Studio Express 2012 for Windows Desktop
Project("{FAE04EC0-301F-11D3-BF4B-00C04F79EFBC}") = "ShapeTest", "ShapeTest\ShapeTest.csproj", "{FF76D4DB-194C-46BE-B31B-6FA21B770468}"
EndProject
Project("{FAE04EC0-301F-11D3-BF4B-00C04F79EFBC}") = "AbstractShape", "AbstractShape\AbstractShape.csproj", "{62227125-D045-485E-9C85-5093D800A797}"
EndProject
Global
	GlobalSection(SolutionConfigurationPlatforms) = preSolution
		Debug|Any CPU = Debug|Any CPU
		Release|Any CPU = Release|Any CPU
	EndGlobalSection
	GlobalSection(ProjectConfigurationPlatforms) = postSolution
		{FF76D4DB-194C-46BE-B31B-6FA21B770468}.Debug|Any CPU.ActiveCfg = Debug|Any CPU
		{FF76D4DB-194C-46BE-B31B-6FA21B770468}.Debug|Any CPU.Build.0 = Debug|Any CPU
		{FF76D4DB-194C-46BE-B31B-6FA21B770468}.Release|Any CPU.ActiveCfg = Release|Any CPU
		{FF76D4DB-194C-46BE-B31B-6FA21B770468}.Release|Any CPU.Build.0 = Release|Any CPU
		{62227125-D045-485E-9C85-5093D800A797}.Debug|Any CPU.ActiveCfg = Debug|Any CPU
		{62227125-D045-485E-9C85-5093D800A797}.Debug|Any CPU.Build.0 = Debug|Any CPU
		{62227125-D045-485E-9C85-5093D800A797}.Release|Any CPU.ActiveCfg = Release|Any CPU
		{62227125-D045-485E-9C85-5093D800A797}.Release|Any CPU.Build.0 = Release|Any CPU
	EndGlobalSection
	GlobalSection(SolutionProperties) = preSolution
		HideSolutionNode = FALSE
	EndGlobalSection
EndGlobal
